
Microsoft Visual Studio Solution File, Format Version 12.00
Project("{FAE04EC0-301F-11D3-BF4B-00C04F79EFBC}") = "BankApp.Bootstrapper", "BankApp.Bootstrapper\BankApp.Bootstrapper.csproj", "{A08E5EC3-5CCE-4BE5-BA60-728887457EAA}"
EndProject
Project("{2150E333-8FDC-42A3-9474-1A3956D46DE8}") = "src", "src", "{61D230AE-4E56-41E6-94AB-CCBB7DFD4B3E}"
EndProject
Project("{2150E333-8FDC-42A3-9474-1A3956D46DE8}") = "Bootstrapper", "Bootstrapper", "{4DED83C8-F6D0-4D04-9E25-7BFDAC00AD1E}"
EndProject
Project("{2150E333-8FDC-42A3-9474-1A3956D46DE8}") = "Modules", "Modules", "{B3CE0053-BA7B-4E5E-8E70-DB71447FDFC0}"
EndProject
Project("{2150E333-8FDC-42A3-9474-1A3956D46DE8}") = "Shared", "Shared", "{BD958253-D2FB-4660-8907-C75CEBF0CEF3}"
EndProject
Project("{2150E333-8FDC-42A3-9474-1A3956D46DE8}") = "Payments", "Payments", "{4642AC90-C2B8-4C49-9606-819457D0CBCE}"
EndProject
Project("{2150E333-8FDC-42A3-9474-1A3956D46DE8}") = "Authentication", "Authentication", "{233AFDAF-CC30-4DFA-A983-82ED9A515920}"
EndProject
Project("{2150E333-8FDC-42A3-9474-1A3956D46DE8}") = "Wallets", "Wallets", "{C4DA61E7-2FEF-41A0-91A2-4A7031483BBB}"
EndProject
Project("{2150E333-8FDC-42A3-9474-1A3956D46DE8}") = "Currency", "Currency", "{17691CC8-8640-4D51-BC5B-DED8569F6DF2}"
EndProject
Project("{2150E333-8FDC-42A3-9474-1A3956D46DE8}") = "Notifications", "Notifications", "{3657F8DA-A97C-4D79-9499-D019E993C49B}"
EndProject
Project("{FAE04EC0-301F-11D3-BF4B-00C04F79EFBC}") = "BankApp.Shared.Abstractions", "BankApp.Shared.Abstractions\BankApp.Shared.Abstractions.csproj", "{EEBC21AF-5691-4754-9A06-14B9EA409992}"
EndProject
Project("{FAE04EC0-301F-11D3-BF4B-00C04F79EFBC}") = "BankApp.Shared.Infrastructure", "BankApp.Shared.Infrastructure\BankApp.Shared.Infrastructure.csproj", "{F44D5B32-B59F-45A6-BAD0-AD951E5CD63F}"
EndProject
Global
	GlobalSection(SolutionConfigurationPlatforms) = preSolution
		Debug|Any CPU = Debug|Any CPU
		Release|Any CPU = Release|Any CPU
	EndGlobalSection
	GlobalSection(ProjectConfigurationPlatforms) = postSolution
		{A08E5EC3-5CCE-4BE5-BA60-728887457EAA}.Debug|Any CPU.ActiveCfg = Debug|Any CPU
		{A08E5EC3-5CCE-4BE5-BA60-728887457EAA}.Debug|Any CPU.Build.0 = Debug|Any CPU
		{A08E5EC3-5CCE-4BE5-BA60-728887457EAA}.Release|Any CPU.ActiveCfg = Release|Any CPU
		{A08E5EC3-5CCE-4BE5-BA60-728887457EAA}.Release|Any CPU.Build.0 = Release|Any CPU
		{EEBC21AF-5691-4754-9A06-14B9EA409992}.Debug|Any CPU.ActiveCfg = Debug|Any CPU
		{EEBC21AF-5691-4754-9A06-14B9EA409992}.Debug|Any CPU.Build.0 = Debug|Any CPU
		{EEBC21AF-5691-4754-9A06-14B9EA409992}.Release|Any CPU.ActiveCfg = Release|Any CPU
		{EEBC21AF-5691-4754-9A06-14B9EA409992}.Release|Any CPU.Build.0 = Release|Any CPU
		{F44D5B32-B59F-45A6-BAD0-AD951E5CD63F}.Debug|Any CPU.ActiveCfg = Debug|Any CPU
		{F44D5B32-B59F-45A6-BAD0-AD951E5CD63F}.Debug|Any CPU.Build.0 = Debug|Any CPU
		{F44D5B32-B59F-45A6-BAD0-AD951E5CD63F}.Release|Any CPU.ActiveCfg = Release|Any CPU
		{F44D5B32-B59F-45A6-BAD0-AD951E5CD63F}.Release|Any CPU.Build.0 = Release|Any CPU
	EndGlobalSection
	GlobalSection(NestedProjects) = preSolution
		{4DED83C8-F6D0-4D04-9E25-7BFDAC00AD1E} = {61D230AE-4E56-41E6-94AB-CCBB7DFD4B3E}
		{A08E5EC3-5CCE-4BE5-BA60-728887457EAA} = {4DED83C8-F6D0-4D04-9E25-7BFDAC00AD1E}
		{B3CE0053-BA7B-4E5E-8E70-DB71447FDFC0} = {61D230AE-4E56-41E6-94AB-CCBB7DFD4B3E}
		{BD958253-D2FB-4660-8907-C75CEBF0CEF3} = {61D230AE-4E56-41E6-94AB-CCBB7DFD4B3E}
		{4642AC90-C2B8-4C49-9606-819457D0CBCE} = {B3CE0053-BA7B-4E5E-8E70-DB71447FDFC0}
		{233AFDAF-CC30-4DFA-A983-82ED9A515920} = {B3CE0053-BA7B-4E5E-8E70-DB71447FDFC0}
		{C4DA61E7-2FEF-41A0-91A2-4A7031483BBB} = {B3CE0053-BA7B-4E5E-8E70-DB71447FDFC0}
		{17691CC8-8640-4D51-BC5B-DED8569F6DF2} = {B3CE0053-BA7B-4E5E-8E70-DB71447FDFC0}
		{3657F8DA-A97C-4D79-9499-D019E993C49B} = {B3CE0053-BA7B-4E5E-8E70-DB71447FDFC0}
		{EEBC21AF-5691-4754-9A06-14B9EA409992} = {BD958253-D2FB-4660-8907-C75CEBF0CEF3}
		{F44D5B32-B59F-45A6-BAD0-AD951E5CD63F} = {BD958253-D2FB-4660-8907-C75CEBF0CEF3}
	EndGlobalSection
EndGlobal
