
Microsoft Visual Studio Solution File, Format Version 12.00
Project("{FAE04EC0-301F-11D3-BF4B-00C04F79EFBC}") = "BankApp.Bootstrapper", "BankApp.Bootstrapper\BankApp.Bootstrapper.csproj", "{A08E5EC3-5CCE-4BE5-BA60-728887457EAA}"
EndProject
Project("{2150E333-8FDC-42A3-9474-1A3956D46DE8}") = "src", "src", "{61D230AE-4E56-41E6-94AB-CCBB7DFD4B3E}"
EndProject
Project("{2150E333-8FDC-42A3-9474-1A3956D46DE8}") = "Bootstrapper", "Bootstrapper", "{4DED83C8-F6D0-4D04-9E25-7BFDAC00AD1E}"
EndProject
Project("{2150E333-8FDC-42A3-9474-1A3956D46DE8}") = "Modules", "Modules", "{B3CE0053-BA7B-4E5E-8E70-DB71447FDFC0}"
EndProject
Project("{2150E333-8FDC-42A3-9474-1A3956D46DE8}") = "Shared", "Shared", "{BD958253-D2FB-4660-8907-C75CEBF0CEF3}"
EndProject
Project("{2150E333-8FDC-42A3-9474-1A3956D46DE8}") = "BankAccount", "BankAccount", "{C4DA61E7-2FEF-41A0-91A2-4A7031483BBB}"
EndProject
Project("{2150E333-8FDC-42A3-9474-1A3956D46DE8}") = "CurrencyExchange", "CurrencyExchange", "{17691CC8-8640-4D51-BC5B-DED8569F6DF2}"
EndProject
Project("{2150E333-8FDC-42A3-9474-1A3956D46DE8}") = "Notifications", "Notifications", "{3657F8DA-A97C-4D79-9499-D019E993C49B}"
EndProject
Project("{FAE04EC0-301F-11D3-BF4B-00C04F79EFBC}") = "BankApp.Shared.Abstractions", "BankApp.Shared.Abstractions\BankApp.Shared.Abstractions.csproj", "{EEBC21AF-5691-4754-9A06-14B9EA409992}"
EndProject
Project("{FAE04EC0-301F-11D3-BF4B-00C04F79EFBC}") = "BankApp.Shared.Infrastructure", "BankApp.Shared.Infrastructure\BankApp.Shared.Infrastructure.csproj", "{F44D5B32-B59F-45A6-BAD0-AD951E5CD63F}"
EndProject
Project("{2150E333-8FDC-42A3-9474-1A3956D46DE8}") = "Identity", "Identity", "{E262C198-F28D-4E6D-9835-FE58ABA7EDE8}"
EndProject
Project("{2150E333-8FDC-42A3-9474-1A3956D46DE8}") = "Loans", "Loans", "{7FB275F8-C19A-4809-A2FA-A8E12E31A0CB}"
EndProject
Project("{2150E333-8FDC-42A3-9474-1A3956D46DE8}") = "Reports", "Reports", "{36076095-697C-4DE6-BBDB-9B262A8CE1AD}"
EndProject
Project("{2150E333-8FDC-42A3-9474-1A3956D46DE8}") = "Transactions", "Transactions", "{3731B2BD-B765-49DE-879A-83B38F4641D4}"
EndProject
Project("{FAE04EC0-301F-11D3-BF4B-00C04F79EFBC}") = "BankApp.BankAccounts.Api", "Modules\BankAccounts\BankApp.BankAccounts.Api\BankApp.BankAccounts.Api.csproj", "{F7C92012-F726-4B0B-ADD0-8CD95D6C0371}"
EndProject
Project("{FAE04EC0-301F-11D3-BF4B-00C04F79EFBC}") = "BankApp.BankAccounts.Domain", "Modules\BankAccounts\BankApp.BankAccounts.Domain\BankApp.BankAccounts.Domain.csproj", "{B06CCFB6-296E-4842-BB42-EBD2CC2F7554}"
EndProject
Project("{FAE04EC0-301F-11D3-BF4B-00C04F79EFBC}") = "BankApp.BankAccounts.Core", "Modules\BankAccounts\BankApp.BankAccounts.Core\BankApp.BankAccounts.Core.csproj", "{DC154A48-FBAC-4A9B-8904-6E9A9A7220CC}"
EndProject
Project("{FAE04EC0-301F-11D3-BF4B-00C04F79EFBC}") = "BankApp.BankAccounts.Infrastructure", "Modules\BankAccounts\BankApp.BankAccounts.Infrastructure\BankApp.BankAccounts.Infrastructure.csproj", "{57F2AFBF-45CD-4F19-802F-2589B5C439C6}"
EndProject
Project("{FAE04EC0-301F-11D3-BF4B-00C04F79EFBC}") = "BankApp.Transactions.Core", "BankApp.Transactions.Core\BankApp.Transactions.Core.csproj", "{5EFC6A95-B075-4A91-AC66-F8A440F9FA6D}"
EndProject
Project("{FAE04EC0-301F-11D3-BF4B-00C04F79EFBC}") = "BankApp.Transactions.Api", "BankApp.Transactions.Api\BankApp.Transactions.Api.csproj", "{91544D42-0420-4457-B88F-12C050670BF9}"
EndProject
Project("{FAE04EC0-301F-11D3-BF4B-00C04F79EFBC}") = "BankApp.Transactions.Infrastructure", "BankApp.Transactions.Infrastructure\BankApp.Transactions.Infrastructure.csproj", "{59FA5992-E027-4B42-B98C-7B411F45B5D7}"
EndProject
Project("{FAE04EC0-301F-11D3-BF4B-00C04F79EFBC}") = "BankApp.Identity.Api", "BankApp.Identity.Api\BankApp.Identity.Api.csproj", "{1CB8D97E-0CFD-40D2-BE61-CD7166D66C98}"
EndProject
Project("{FAE04EC0-301F-11D3-BF4B-00C04F79EFBC}") = "BankApp.Identity.Core", "BankApp.Identity.Core\BankApp.Identity.Core.csproj", "{E4E2B77B-10B0-4ECE-BAA9-4B7648FEDA64}"
EndProject
Project("{FAE04EC0-301F-11D3-BF4B-00C04F79EFBC}") = "BankApp.Identity.Infrastructure", "BankApp.Identity.Infrastructure\BankApp.Identity.Infrastructure.csproj", "{B7065D24-E460-4988-8757-5B49C3299310}"
EndProject
Project("{FAE04EC0-301F-11D3-BF4B-00C04F79EFBC}") = "BankApp.Identity.Domain", "BankApp.Identity.Domain\BankApp.Identity.Domain.csproj", "{F2ED324C-E889-49AE-8BFB-DDC2465F6E1C}"
EndProject
Global
	GlobalSection(SolutionConfigurationPlatforms) = preSolution
		Debug|Any CPU = Debug|Any CPU
		Release|Any CPU = Release|Any CPU
	EndGlobalSection
	GlobalSection(ProjectConfigurationPlatforms) = postSolution
		{A08E5EC3-5CCE-4BE5-BA60-728887457EAA}.Debug|Any CPU.ActiveCfg = Debug|Any CPU
		{A08E5EC3-5CCE-4BE5-BA60-728887457EAA}.Debug|Any CPU.Build.0 = Debug|Any CPU
		{A08E5EC3-5CCE-4BE5-BA60-728887457EAA}.Release|Any CPU.ActiveCfg = Release|Any CPU
		{A08E5EC3-5CCE-4BE5-BA60-728887457EAA}.Release|Any CPU.Build.0 = Release|Any CPU
		{EEBC21AF-5691-4754-9A06-14B9EA409992}.Debug|Any CPU.ActiveCfg = Debug|Any CPU
		{EEBC21AF-5691-4754-9A06-14B9EA409992}.Debug|Any CPU.Build.0 = Debug|Any CPU
		{EEBC21AF-5691-4754-9A06-14B9EA409992}.Release|Any CPU.ActiveCfg = Release|Any CPU
		{EEBC21AF-5691-4754-9A06-14B9EA409992}.Release|Any CPU.Build.0 = Release|Any CPU
		{F44D5B32-B59F-45A6-BAD0-AD951E5CD63F}.Debug|Any CPU.ActiveCfg = Debug|Any CPU
		{F44D5B32-B59F-45A6-BAD0-AD951E5CD63F}.Debug|Any CPU.Build.0 = Debug|Any CPU
		{F44D5B32-B59F-45A6-BAD0-AD951E5CD63F}.Release|Any CPU.ActiveCfg = Release|Any CPU
		{F44D5B32-B59F-45A6-BAD0-AD951E5CD63F}.Release|Any CPU.Build.0 = Release|Any CPU
		{F7C92012-F726-4B0B-ADD0-8CD95D6C0371}.Debug|Any CPU.ActiveCfg = Debug|Any CPU
		{F7C92012-F726-4B0B-ADD0-8CD95D6C0371}.Debug|Any CPU.Build.0 = Debug|Any CPU
		{F7C92012-F726-4B0B-ADD0-8CD95D6C0371}.Release|Any CPU.ActiveCfg = Release|Any CPU
		{F7C92012-F726-4B0B-ADD0-8CD95D6C0371}.Release|Any CPU.Build.0 = Release|Any CPU
		{B06CCFB6-296E-4842-BB42-EBD2CC2F7554}.Debug|Any CPU.ActiveCfg = Debug|Any CPU
		{B06CCFB6-296E-4842-BB42-EBD2CC2F7554}.Debug|Any CPU.Build.0 = Debug|Any CPU
		{B06CCFB6-296E-4842-BB42-EBD2CC2F7554}.Release|Any CPU.ActiveCfg = Release|Any CPU
		{B06CCFB6-296E-4842-BB42-EBD2CC2F7554}.Release|Any CPU.Build.0 = Release|Any CPU
		{DC154A48-FBAC-4A9B-8904-6E9A9A7220CC}.Debug|Any CPU.ActiveCfg = Debug|Any CPU
		{DC154A48-FBAC-4A9B-8904-6E9A9A7220CC}.Debug|Any CPU.Build.0 = Debug|Any CPU
		{DC154A48-FBAC-4A9B-8904-6E9A9A7220CC}.Release|Any CPU.ActiveCfg = Release|Any CPU
		{DC154A48-FBAC-4A9B-8904-6E9A9A7220CC}.Release|Any CPU.Build.0 = Release|Any CPU
		{57F2AFBF-45CD-4F19-802F-2589B5C439C6}.Debug|Any CPU.ActiveCfg = Debug|Any CPU
		{57F2AFBF-45CD-4F19-802F-2589B5C439C6}.Debug|Any CPU.Build.0 = Debug|Any CPU
		{57F2AFBF-45CD-4F19-802F-2589B5C439C6}.Release|Any CPU.ActiveCfg = Release|Any CPU
		{57F2AFBF-45CD-4F19-802F-2589B5C439C6}.Release|Any CPU.Build.0 = Release|Any CPU
		{5EFC6A95-B075-4A91-AC66-F8A440F9FA6D}.Debug|Any CPU.ActiveCfg = Debug|Any CPU
		{5EFC6A95-B075-4A91-AC66-F8A440F9FA6D}.Debug|Any CPU.Build.0 = Debug|Any CPU
		{5EFC6A95-B075-4A91-AC66-F8A440F9FA6D}.Release|Any CPU.ActiveCfg = Release|Any CPU
		{5EFC6A95-B075-4A91-AC66-F8A440F9FA6D}.Release|Any CPU.Build.0 = Release|Any CPU
		{91544D42-0420-4457-B88F-12C050670BF9}.Debug|Any CPU.ActiveCfg = Debug|Any CPU
		{91544D42-0420-4457-B88F-12C050670BF9}.Debug|Any CPU.Build.0 = Debug|Any CPU
		{91544D42-0420-4457-B88F-12C050670BF9}.Release|Any CPU.ActiveCfg = Release|Any CPU
		{91544D42-0420-4457-B88F-12C050670BF9}.Release|Any CPU.Build.0 = Release|Any CPU
		{59FA5992-E027-4B42-B98C-7B411F45B5D7}.Debug|Any CPU.ActiveCfg = Debug|Any CPU
		{59FA5992-E027-4B42-B98C-7B411F45B5D7}.Debug|Any CPU.Build.0 = Debug|Any CPU
		{59FA5992-E027-4B42-B98C-7B411F45B5D7}.Release|Any CPU.ActiveCfg = Release|Any CPU
		{59FA5992-E027-4B42-B98C-7B411F45B5D7}.Release|Any CPU.Build.0 = Release|Any CPU
		{1CB8D97E-0CFD-40D2-BE61-CD7166D66C98}.Debug|Any CPU.ActiveCfg = Debug|Any CPU
		{1CB8D97E-0CFD-40D2-BE61-CD7166D66C98}.Debug|Any CPU.Build.0 = Debug|Any CPU
		{1CB8D97E-0CFD-40D2-BE61-CD7166D66C98}.Release|Any CPU.ActiveCfg = Release|Any CPU
		{1CB8D97E-0CFD-40D2-BE61-CD7166D66C98}.Release|Any CPU.Build.0 = Release|Any CPU
		{E4E2B77B-10B0-4ECE-BAA9-4B7648FEDA64}.Debug|Any CPU.ActiveCfg = Debug|Any CPU
		{E4E2B77B-10B0-4ECE-BAA9-4B7648FEDA64}.Debug|Any CPU.Build.0 = Debug|Any CPU
		{E4E2B77B-10B0-4ECE-BAA9-4B7648FEDA64}.Release|Any CPU.ActiveCfg = Release|Any CPU
		{E4E2B77B-10B0-4ECE-BAA9-4B7648FEDA64}.Release|Any CPU.Build.0 = Release|Any CPU
		{B7065D24-E460-4988-8757-5B49C3299310}.Debug|Any CPU.ActiveCfg = Debug|Any CPU
		{B7065D24-E460-4988-8757-5B49C3299310}.Debug|Any CPU.Build.0 = Debug|Any CPU
		{B7065D24-E460-4988-8757-5B49C3299310}.Release|Any CPU.ActiveCfg = Release|Any CPU
		{B7065D24-E460-4988-8757-5B49C3299310}.Release|Any CPU.Build.0 = Release|Any CPU
		{F2ED324C-E889-49AE-8BFB-DDC2465F6E1C}.Debug|Any CPU.ActiveCfg = Debug|Any CPU
		{F2ED324C-E889-49AE-8BFB-DDC2465F6E1C}.Debug|Any CPU.Build.0 = Debug|Any CPU
		{F2ED324C-E889-49AE-8BFB-DDC2465F6E1C}.Release|Any CPU.ActiveCfg = Release|Any CPU
		{F2ED324C-E889-49AE-8BFB-DDC2465F6E1C}.Release|Any CPU.Build.0 = Release|Any CPU
	EndGlobalSection
	GlobalSection(NestedProjects) = preSolution
		{4DED83C8-F6D0-4D04-9E25-7BFDAC00AD1E} = {61D230AE-4E56-41E6-94AB-CCBB7DFD4B3E}
		{A08E5EC3-5CCE-4BE5-BA60-728887457EAA} = {4DED83C8-F6D0-4D04-9E25-7BFDAC00AD1E}
		{B3CE0053-BA7B-4E5E-8E70-DB71447FDFC0} = {61D230AE-4E56-41E6-94AB-CCBB7DFD4B3E}
		{BD958253-D2FB-4660-8907-C75CEBF0CEF3} = {61D230AE-4E56-41E6-94AB-CCBB7DFD4B3E}
		{C4DA61E7-2FEF-41A0-91A2-4A7031483BBB} = {B3CE0053-BA7B-4E5E-8E70-DB71447FDFC0}
		{17691CC8-8640-4D51-BC5B-DED8569F6DF2} = {B3CE0053-BA7B-4E5E-8E70-DB71447FDFC0}
		{3657F8DA-A97C-4D79-9499-D019E993C49B} = {B3CE0053-BA7B-4E5E-8E70-DB71447FDFC0}
		{EEBC21AF-5691-4754-9A06-14B9EA409992} = {BD958253-D2FB-4660-8907-C75CEBF0CEF3}
		{F44D5B32-B59F-45A6-BAD0-AD951E5CD63F} = {BD958253-D2FB-4660-8907-C75CEBF0CEF3}
		{E262C198-F28D-4E6D-9835-FE58ABA7EDE8} = {B3CE0053-BA7B-4E5E-8E70-DB71447FDFC0}
		{7FB275F8-C19A-4809-A2FA-A8E12E31A0CB} = {B3CE0053-BA7B-4E5E-8E70-DB71447FDFC0}
		{36076095-697C-4DE6-BBDB-9B262A8CE1AD} = {B3CE0053-BA7B-4E5E-8E70-DB71447FDFC0}
		{3731B2BD-B765-49DE-879A-83B38F4641D4} = {B3CE0053-BA7B-4E5E-8E70-DB71447FDFC0}
		{F7C92012-F726-4B0B-ADD0-8CD95D6C0371} = {C4DA61E7-2FEF-41A0-91A2-4A7031483BBB}
		{B06CCFB6-296E-4842-BB42-EBD2CC2F7554} = {C4DA61E7-2FEF-41A0-91A2-4A7031483BBB}
		{DC154A48-FBAC-4A9B-8904-6E9A9A7220CC} = {C4DA61E7-2FEF-41A0-91A2-4A7031483BBB}
		{57F2AFBF-45CD-4F19-802F-2589B5C439C6} = {C4DA61E7-2FEF-41A0-91A2-4A7031483BBB}
		{5EFC6A95-B075-4A91-AC66-F8A440F9FA6D} = {3731B2BD-B765-49DE-879A-83B38F4641D4}
		{91544D42-0420-4457-B88F-12C050670BF9} = {3731B2BD-B765-49DE-879A-83B38F4641D4}
		{59FA5992-E027-4B42-B98C-7B411F45B5D7} = {3731B2BD-B765-49DE-879A-83B38F4641D4}
		{1CB8D97E-0CFD-40D2-BE61-CD7166D66C98} = {E262C198-F28D-4E6D-9835-FE58ABA7EDE8}
		{E4E2B77B-10B0-4ECE-BAA9-4B7648FEDA64} = {E262C198-F28D-4E6D-9835-FE58ABA7EDE8}
		{B7065D24-E460-4988-8757-5B49C3299310} = {E262C198-F28D-4E6D-9835-FE58ABA7EDE8}
		{F2ED324C-E889-49AE-8BFB-DDC2465F6E1C} = {E262C198-F28D-4E6D-9835-FE58ABA7EDE8}
	EndGlobalSection
EndGlobal
